schema: '2.0'
stages:
  train:
    cmd: python -u train_seg.py
    deps:
    - path: farmer.pytorch
      md5: 5db0e3369d8ad77f0c8285e38165c492.dir
      size: 1803786360
      nfiles: 14683
    - path: seg_data/CamVid
      md5: 30424acbbfd275aad68c44fb699416c2.dir
      size: 186849579
      nfiles: 1405
    - path: train_seg.py
      md5: 52b2a79edaf1a06f7e2ed55b5260aece
      size: 1859
    params:
      params.yaml:
        train.comment: sdg
    outs:
    - path: result/dice.json
      md5: 0cf045bb6bbc2bb5cb782cd063680dcb
      size: 2559
    - path: result/last.pth
      md5: be74992a43c1251beacc6c1f85776096
      size: 264367628
    - path: result/scores.json
      md5: 20d921b753b77af6f3def1aedaca505a
      size: 607
