schema: '2.0'
stages:
  train:
    cmd: python train_seg.py
    deps:
    - path: seg_data/CamVid
      md5: 30424acbbfd275aad68c44fb699416c2.dir
      size: 186849579
      nfiles: 1405
    - path: train_seg.py
      md5: 6be9af9e74d500b9bff6ecbd97b5c3d4
      size: 1746
    outs:
    - path: result/dice.json
      md5: f466147f24bcc053c934c71c4b99ec34
      size: 448
    - path: result/last.pth
      md5: 7be7eaca7dc7e34ea89a144c2a08c497
      size: 264352844
    - path: result/scores.json
      md5: 7a91726f6a177b6528769adfe2893b41
      size: 29
